{
  "version": 4,
  "terraform_version": "1.13.3",
  "serial": 3,
  "lineage": "8fc99f59-4902-ee91-5e58-5b197945d203",
  "outputs": {
    "db_instance_name": {
      "value": "aiforge-db-instance",
      "type": "string"
    },
    "gke_cluster_name": {
      "value": "aiforge-cluster",
      "type": "string"
    }
  },
  "resources": [
    {
      "mode": "managed",
      "type": "random_id",
      "name": "bucket_suffix",
      "provider": "provider[\"registry.terraform.io/hashicorp/random\"]",
      "instances": [
        {
          "schema_version": 0,
          "attributes": {
            "b64_std": "0gpuCQ0JKfo=",
            "b64_url": "0gpuCQ0JKfo",
            "byte_length": 8,
            "dec": "15135030482884438522",
            "hex": "d20a6e090d0929fa",
            "id": "0gpuCQ0JKfo",
            "keepers": null,
            "prefix": null
          },
          "sensitive_attributes": [],
          "identity_schema_version": 0
        }
      ]
    }
  ],
  "check_results": null
}
